
Microsoft Visual Studio Solution File, Format Version 12.00
# Visual Studio 15
VisualStudioVersion = 15.0.27004.2010
MinimumVisualStudioVersion = 10.0.40219.1
Project("{FAE04EC0-301F-11D3-BF4B-00C04F79EFBC}") = "TarkovHax", "TarkovHax\TarkovHax.csproj", "{10B1EFC0-649C-4CFF-8D13-0D36E868F95D}"
EndProject
Global
	GlobalSection(SolutionConfigurationPlatforms) = preSolution
		Debug|Any CPU = Debug|Any CPU
		Release|Any CPU = Release|Any CPU
	EndGlobalSection
	GlobalSection(ProjectConfigurationPlatforms) = postSolution
		{10B1EFC0-649C-4CFF-8D13-0D36E868F95D}.Debug|Any CPU.ActiveCfg = Debug|Any CPU
		{10B1EFC0-649C-4CFF-8D13-0D36E868F95D}.Debug|Any CPU.Build.0 = Debug|Any CPU
		{10B1EFC0-649C-4CFF-8D13-0D36E868F95D}.Release|Any CPU.ActiveCfg = Release|Any CPU
		{10B1EFC0-649C-4CFF-8D13-0D36E868F95D}.Release|Any CPU.Build.0 = Release|Any CPU
	EndGlobalSection
	GlobalSection(SolutionProperties) = preSolution
		HideSolutionNode = FALSE
	EndGlobalSection
	GlobalSection(ExtensibilityGlobals) = postSolution
		SolutionGuid = {38AD8D0C-7278-431E-947E-3BB14B90C957}
	EndGlobalSection
EndGlobal
